
Microsoft Visual Studio Solution File, Format Version 11.00
# Visual Studio 2010
Project("{FAE04EC0-301F-11D3-BF4B-00C04F79EFBC}") = "random_platformer", "Assembly-CSharp.csproj", "{546E0F85-DA64-BAED-253D-573B36FBB275}"
EndProject
Global
	GlobalSection(SolutionConfigurationPlatforms) = preSolution
		Debug|Any CPU = Debug|Any CPU
		Release|Any CPU = Release|Any CPU
	EndGlobalSection
	GlobalSection(ProjectConfigurationPlatforms) = postSolution
		{546E0F85-DA64-BAED-253D-573B36FBB275}.Debug|Any CPU.ActiveCfg = Debug|Any CPU
		{546E0F85-DA64-BAED-253D-573B36FBB275}.Debug|Any CPU.Build.0 = Debug|Any CPU
		{546E0F85-DA64-BAED-253D-573B36FBB275}.Release|Any CPU.ActiveCfg = Release|Any CPU
		{546E0F85-DA64-BAED-253D-573B36FBB275}.Release|Any CPU.Build.0 = Release|Any CPU
	EndGlobalSection
	GlobalSection(SolutionProperties) = preSolution
		HideSolutionNode = FALSE
	EndGlobalSection
	GlobalSection(MonoDevelopProperties) = preSolution
		StartupItem = Assembly-CSharp.csproj
	EndGlobalSection
EndGlobal
